// !$*UTF8*$!
{
	archiveVersion = 1;
	classes = {
	};
	objectVersion = 46;
	objects = {

/* Begin PBXBuildFile section */
		345057CF1D90ADA8008F7C01 /* main.m in Sources */ = {isa = PBXBuildFile; fileRef = 345057CE1D90ADA8008F7C01 /* main.m */; };
		345057D21D90ADA8008F7C01 /* AppDelegate.m in Sources */ = {isa = PBXBuildFile; fileRef = 345057D11D90ADA8008F7C01 /* AppDelegate.m */; };
		345057D51D90ADA8008F7C01 /* ViewController.m in Sources */ = {isa = PBXBuildFile; fileRef = 345057D41D90ADA8008F7C01 /* ViewController.m */; };
		345057D81D90ADA8008F7C01 /* Main.storyboard in Resources */ = {isa = PBXBuildFile; fileRef = 345057D61D90ADA8008F7C01 /* Main.storyboard */; };
		345057DA1D90ADA8008F7C01 /* Assets.xcassets in Resources */ = {isa = PBXBuildFile; fileRef = 345057D91D90ADA8008F7C01 /* Assets.xcassets */; };
		345057DD1D90ADA8008F7C01 /* LaunchScreen.storyboard in Resources */ = {isa = PBXBuildFile; fileRef = 345057DB1D90ADA8008F7C01 /* LaunchScreen.storyboard */; };
/* End PBXBuildFile section */

/* Begin PBXFileReference section */
		345057CA1D90ADA8008F7C01 /* Twitter.app */ = {isa = PBXFileReference; explicitFileType = wrapper.application; includeInIndex = 0; path = Twitter.app; sourceTree = BUILT_PRODUCTS_DIR; };
		345057CE1D90ADA8008F7C01 /* main.m */ = {isa = PBXFileReference; lastKnownFileType = sourcecode.c.objc; path = main.m; sourceTree = "<group>"; };
		345057D01D90ADA8008F7C01 /* AppDelegate.h */ = {isa = PBXFileReference; lastKnownFileType = sourcecode.c.h; path = AppDelegate.h; sourceTree = "<group>"; };
		345057D11D90ADA8008F7C01 /* AppDelegate.m */ = {isa = PBXFileReference; lastKnownFileType = sourcecode.c.objc; path = AppDelegate.m; sourceTree = "<group>"; };
		345057D31D90ADA8008F7C01 /* ViewController.h */ = {isa = PBXFileReference; lastKnownFileType = sourcecode.c.h; path = ViewController.h; sourceTree = "<group>"; };
		345057D41D90ADA8008F7C01 /* ViewController.m */ = {isa = PBXFileReference; lastKnownFileType = sourcecode.c.objc; path = ViewController.m; sourceTree = "<group>"; };
		345057D71D90ADA8008F7C01 /* Base */ = {isa = PBXFileReference; lastKnownFileType = file.storyboard; name = Base; path = Base.lproj/Main.storyboard; sourceTree = "<group>"; };
		345057D91D90ADA8008F7C01 /* Assets.xcassets */ = {isa = PBXFileReference; lastKnownFileType = folder.assetcatalog; path = Assets.xcassets; sourceTree = "<group>"; };
		345057DC1D90ADA8008F7C01 /* Base */ = {isa = PBXFileReference; lastKnownFileType = file.storyboard; name = Base; path = Base.lproj/LaunchScreen.storyboard; sourceTree = "<group>"; };
		345057DE1D90ADA8008F7C01 /* Info.plist */ = {isa = PBXFileReference; lastKnownFileType = text.plist.xml; path = Info.plist; sourceTree = "<group>"; };
/* End PBXFileReference section */

/* Begin PBXFrameworksBuildPhase section */
		345057C71D90ADA8008F7C01 /* Frameworks */ = {
			isa = PBXFrameworksBuildPhase;
			buildActionMask = 2147483647;
			files = (
			);
			runOnlyForDeploymentPostprocessing = 0;
		};
/* End PBXFrameworksBuildPhase section */

/* Begin PBXGroup section */
		345057C11D90ADA8008F7C01 = {
			isa = PBXGroup;
			children = (
				345057CC1D90ADA8008F7C01 /* Twitter */,
				345057CB1D90ADA8008F7C01 /* Products */,
			);
			sourceTree = "<group>";
		};
		345057CB1D90ADA8008F7C01 /* Products */ = {
			isa = PBXGroup;
			children = (
				345057CA1D90ADA8008F7C01 /* Twitter.app */,
			);
			name = Products;
			sourceTree = "<group>";
		};
		345057CC1D90ADA8008F7C01 /* Twitter */ = {
			isa = PBXGroup;
			children = (
				345057D01D90ADA8008F7C01 /* AppDelegate.h */,
				345057D11D90ADA8008F7C01 /* AppDelegate.m */,
				345057D31D90ADA8008F7C01 /* ViewController.h */,
				345057D41D90ADA8008F7C01 /* ViewController.m */,
				345057D61D90ADA8008F7C01 /* Main.storyboard */,
				345057D91D90ADA8008F7C01 /* Assets.xcassets */,
				345057DB1D90ADA8008F7C01 /* LaunchScreen.storyboard */,
				345057DE1D90ADA8008F7C01 /* Info.plist */,
				345057CD1D90ADA8008F7C01 /* Supporting Files */,
			);
			path = Twitter;
			sourceTree = "<group>";
		};
		345057CD1D90ADA8008F7C01 /* Supporting Files */ = {
			isa = PBXGroup;
			children = (
				345057CE1D90ADA8008F7C01 /* main.m */,
			);
			name = "Supporting Files";
			sourceTree = "<group>";
		};
/* End PBXGroup section */

/* Begin PBXNativeTarget section */
		345057C91D90ADA8008F7C01 /* Twitter */ = {
			isa = PBXNativeTarget;
			buildConfigurationList = 345057E11D90ADA8008F7C01 /* Build configuration list for PBXNativeTarget "Twitter" */;
			buildPhases = (
				345057C61D90ADA8008F7C01 /* Sources */,
				345057C71D90ADA8008F7C01 /* Frameworks */,
				345057C81D90ADA8008F7C01 /* Resources */,
			);
			buildRules = (
			);
			dependencies = (
			);
			name = Twitter;
			productName = Twitter;
			productReference = 345057CA1D90ADA8008F7C01 /* Twitter.app */;
			productType = "com.apple.product-type.application";
		};
/* End PBXNativeTarget section */

/* Begin PBXProject section */
		345057C21D90ADA8008F7C01 /* Project object */ = {
			isa = PBXProject;
			attributes = {
				LastUpgradeCheck = 0800;
				ORGANIZATIONNAME = Yahoo;
				TargetAttributes = {
					345057C91D90ADA8008F7C01 = {
						CreatedOnToolsVersion = 8.0;
						DevelopmentTeam = 7TG998BHLJ;
						ProvisioningStyle = Automatic;
					};
				};
			};
			buildConfigurationList = 345057C51D90ADA8008F7C01 /* Build configuration list for PBXProject "Twitter" */;
			compatibilityVersion = "Xcode 3.2";
			developmentRegion = English;
			hasScannedForEncodings = 0;
			knownRegions = (
				en,
				Base,
			);
			mainGroup = 345057C11D90ADA8008F7C01;
			productRefGroup = 345057CB1D90ADA8008F7C01 /* Products */;
			projectDirPath = "";
			projectRoot = "";
			targets = (
				345057C91D90ADA8008F7C01 /* Twitter */,
			);
		};
/* End PBXProject section */

/* Begin PBXResourcesBuildPhase section */
		345057C81D90ADA8008F7C01 /* Resources */ = {
			isa = PBXResourcesBuildPhase;
			buildActionMask = 2147483647;
			files = (
				345057DD1D90ADA8008F7C01 /* LaunchScreen.storyboard in Resources */,
				345057DA1D90ADA8008F7C01 /* Assets.xcassets in Resources */,
				345057D81D90ADA8008F7C01 /* Main.storyboard in Resources */,
			);
			runOnlyForDeploymentPostprocessing = 0;
		};
/* End PBXResourcesBuildPhase section */

/* Begin PBXSourcesBuildPhase section */
		345057C61D90ADA8008F7C01 /* Sources */ = {
			isa = PBXSourcesBuildPhase;
			buildActionMask = 2147483647;
			files = (
				345057D51D90ADA8008F7C01 /* ViewController.m in Sources */,
				345057D21D90ADA8008F7C01 /* AppDelegate.m in Sources */,
				345057CF1D90ADA8008F7C01 /* main.m in Sources */,
			);
			runOnlyForDeploymentPostprocessing = 0;
		};
/* End PBXSourcesBuildPhase section */

/* Begin PBXVariantGroup section */
		345057D61D90ADA8008F7C01 /* Main.storyboard */ = {
			isa = PBXVariantGroup;
			children = (
				345057D71D90ADA8008F7C01 /* Base */,
			);
			name = Main.storyboard;
			sourceTree = "<group>";
		};
		345057DB1D90ADA8008F7C01 /* LaunchScreen.storyboard */ = {
			isa = PBXVariantGroup;
			children = (
				345057DC1D90ADA8008F7C01 /* Base */,
			);
			name = LaunchScreen.storyboard;
			sourceTree = "<group>";
		};
/* End PBXVariantGroup section */

/* Begin XCBuildConfiguration section */
		345057DF1D90ADA8008F7C01 /* Debug */ = {
			isa = XCBuildConfiguration;
			buildSettings = {
				ALWAYS_SEARCH_USER_PATHS = NO;
				CLANG_ANALYZER_NONNULL = YES;
				CLANG_CXX_LANGUAGE_STANDARD = "gnu++0x";
				CLANG_CXX_LIBRARY = "libc++";
				CLANG_ENABLE_MODULES = YES;
				CLANG_ENABLE_OBJC_ARC = YES;
				CLANG_WARN_BOOL_CONVERSION = YES;
				CLANG_WARN_CONSTANT_CONVERSION = YES;
				CLANG_WARN_DIRECT_OBJC_ISA_USAGE = YES_ERROR;
				CLANG_WARN_DOCUMENTATION_COMMENTS = YES;
				CLANG_WARN_EMPTY_BODY = YES;
				CLANG_WARN_ENUM_CONVERSION = YES;
				CLANG_WARN_INFINITE_RECURSION = YES;
				CLANG_WARN_INT_CONVERSION = YES;
				CLANG_WARN_OBJC_ROOT_CLASS = YES_ERROR;
				CLANG_WARN_SUSPICIOUS_MOVES = YES;
				CLANG_WARN_UNREACHABLE_CODE = YES;
				CLANG_WARN__DUPLICATE_METHOD_MATCH = YES;
				"CODE_SIGN_IDENTITY[sdk=iphoneos*]" = "iPhone Developer";
				COPY_PHASE_STRIP = NO;
				DEBUG_INFORMATION_FORMAT = dwarf;
				ENABLE_STRICT_OBJC_MSGSEND = YES;
				ENABLE_TESTABILITY = YES;
				GCC_C_LANGUAGE_STANDARD = gnu99;
				GCC_DYNAMIC_NO_PIC = NO;
				GCC_NO_COMMON_BLOCKS = YES;
				GCC_OPTIMIZATION_LEVEL = 0;
				GCC_PREPROCESSOR_DEFINITIONS = (
					"DEBUG=1",
					"$(inherited)",
				);
				GCC_WARN_64_TO_32_BIT_CONVERSION = YES;
				GCC_WARN_ABOUT_RETURN_TYPE = YES_ERROR;
				GCC_WARN_UNDECLARED_SELECTOR = YES;
				GCC_WARN_UNINITIALIZED_AUTOS = YES_AGGRESSIVE;
				GCC_WARN_UNUSED_FUNCTION = YES;
				GCC_WARN_UNUSED_VARIABLE = YES;
				IPHONEOS_DEPLOYMENT_TARGET = 10.0;
				MTL_ENABLE_DEBUG_INFO = YES;
				ONLY_ACTIVE_ARCH = YES;
				SDKROOT = iphoneos;
				TARGETED_DEVICE_FAMILY = "1,2";
			};
			name = Debug;
		};
		345057E01D90ADA8008F7C01 /* Release */ = {
			isa = XCBuildConfiguration;
			buildSettings = {
				ALWAYS_SEARCH_USER_PATHS = NO;
				CLANG_ANALYZER_NONNULL = YES;
				CLANG_CXX_LANGUAGE_STANDARD = "gnu++0x";
				CLANG_CXX_LIBRARY = "libc++";
				CLANG_ENABLE_MODULES = YES;
				CLANG_ENABLE_OBJC_ARC = YES;
				CLANG_WARN_BOOL_CONVERSION = YES;
				CLANG_WARN_CONSTANT_CONVERSION = YES;
				CLANG_WARN_DIRECT_OBJC_ISA_USAGE = YES_ERROR;
				CLANG_WARN_DOCUMENTATION_COMMENTS = YES;
				CLANG_WARN_EMPTY_BODY = YES;
				CLANG_WARN_ENUM_CONVERSION = YES;
				CLANG_WARN_INFINITE_RECURSION = YES;
				CLANG_WARN_INT_CONVERSION = YES;
				CLANG_WARN_OBJC_ROOT_CLASS = YES_ERROR;
				CLANG_WARN_SUSPICIOUS_MOVES = YES;
				CLANG_WARN_UNREACHABLE_CODE = YES;
				CLANG_WARN__DUPLICATE_METHOD_MATCH = YES;
				"CODE_SIGN_IDENTITY[sdk=iphoneos*]" = "iPhone Developer";
				COPY_PHASE_STRIP = NO;
				DEBUG_INFORMATION_FORMAT = "dwarf-with-dsym";
				ENABLE_NS_ASSERTIONS = NO;
				ENABLE_STRICT_OBJC_MSGSEND = YES;
				GCC_C_LANGUAGE_STANDARD = gnu99;
				GCC_NO_COMMON_BLOCKS = YES;
				GCC_WARN_64_TO_32_BIT_CONVERSION = YES;
				GCC_WARN_ABOUT_RETURN_TYPE = YES_ERROR;
				GCC_WARN_UNDECLARED_SELECTOR = YES;
				GCC_WARN_UNINITIALIZED_AUTOS = YES_AGGRESSIVE;
				GCC_WARN_UNUSED_FUNCTION = YES;
				GCC_WARN_UNUSED_VARIABLE = YES;
				IPHONEOS_DEPLOYMENT_TARGET = 10.0;
				MTL_ENABLE_DEBUG_INFO = NO;
				SDKROOT = iphoneos;
				TARGETED_DEVICE_FAMILY = "1,2";
				VALIDATE_PRODUCT = YES;
			};
			name = Release;
		};
		345057E21D90ADA8008F7C01 /* Debug */ = {
			isa = XCBuildConfiguration;
			buildSettings = {
				ASSETCATALOG_COMPILER_APPICON_NAME = AppIcon;
				DEVELOPMENT_TEAM = 7TG998BHLJ;
				INFOPLIST_FILE = Twitter/Info.plist;
				LD_RUNPATH_SEARCH_PATHS = "$(inherited) @executable_path/Frameworks";
				PRODUCT_BUNDLE_IDENTIFIER = com.yahoo.Twitter;
				PRODUCT_NAME = "$(TARGET_NAME)";
			};
			name = Debug;
		};
		345057E31D90ADA8008F7C01 /* Release */ = {
			isa = XCBuildConfiguration;
			buildSettings = {
				ASSETCATALOG_COMPILER_APPICON_NAME = AppIcon;
				DEVELOPMENT_TEAM = 7TG998BHLJ;
				INFOPLIST_FILE = Twitter/Info.plist;
				LD_RUNPATH_SEARCH_PATHS = "$(inherited) @executable_path/Frameworks";
				PRODUCT_BUNDLE_IDENTIFIER = com.yahoo.Twitter;
				PRODUCT_NAME = "$(TARGET_NAME)";
			};
			name = Release;
		};
/* End XCBuildConfiguration section */

/* Begin XCConfigurationList section */
		345057C51D90ADA8008F7C01 /* Build configuration list for PBXProject "Twitter" */ = {
			isa = XCConfigurationList;
			buildConfigurations = (
				345057DF1D90ADA8008F7C01 /* Debug */,
				345057E01D90ADA8008F7C01 /* Release */,
			);
			defaultConfigurationIsVisible = 0;
			defaultConfigurationName = Release;
		};
		345057E11D90ADA8008F7C01 /* Build configuration list for PBXNativeTarget "Twitter" */ = {
			isa = XCConfigurationList;
			buildConfigurations = (
				345057E21D90ADA8008F7C01 /* Debug */,
				345057E31D90ADA8008F7C01 /* Release */,
			);
			defaultConfigurationIsVisible = 0;
		};
/* End XCConfigurationList section */
	};
	rootObject = 345057C21D90ADA8008F7C01 /* Project object */;
}
